// !$*UTF8*$!
{
	archiveVersion = 1;
	classes = {
	};
	objectVersion = 60;
	objects = {

/* Begin PBXBuildFile section */
		670A2E9B2C19F1A3004DD1A8 /* WWDC24App.swift in Sources */ = {isa = PBXBuildFile; fileRef = 670A2E9A2C19F1A3004DD1A8 /* WWDC24App.swift */; };
		670A2E9D2C19F1A3004DD1A8 /* UserListView.swift in Sources */ = {isa = PBXBuildFile; fileRef = 670A2E9C2C19F1A3004DD1A8 /* UserListView.swift */; };
		670A2E9F2C19F1A3004DD1A8 /* Assets.xcassets in Resources */ = {isa = PBXBuildFile; fileRef = 670A2E9E2C19F1A3004DD1A8 /* Assets.xcassets */; };
		670A2EA22C19F1A3004DD1A8 /* Preview Assets.xcassets in Resources */ = {isa = PBXBuildFile; fileRef = 670A2EA12C19F1A3004DD1A8 /* Preview Assets.xcassets */; };
		670A2EAC2C19F1A4004DD1A8 /* WWDC24Tests.swift in Sources */ = {isa = PBXBuildFile; fileRef = 670A2EAB2C19F1A4004DD1A8 /* WWDC24Tests.swift */; };
		670A2EC52C19F1E1004DD1A8 /* APIClient.swift in Sources */ = {isa = PBXBuildFile; fileRef = 670A2EC42C19F1DD004DD1A8 /* APIClient.swift */; };
		670A2EC72C19F1F4004DD1A8 /* User.swift in Sources */ = {isa = PBXBuildFile; fileRef = 670A2EC62C19F1F2004DD1A8 /* User.swift */; };
		670A2EC92C19F226004DD1A8 /* UserListViewModel.swift in Sources */ = {isa = PBXBuildFile; fileRef = 670A2EC82C19F222004DD1A8 /* UserListViewModel.swift */; };
		670A2ECD2C1A07B7004DD1A8 /* Sequence+Extension.swift in Sources */ = {isa = PBXBuildFile; fileRef = 670A2ECC2C1A07AB004DD1A8 /* Sequence+Extension.swift */; };
		670A2ECF2C1A08DA004DD1A8 /* UserService.swift in Sources */ = {isa = PBXBuildFile; fileRef = 670A2ECE2C1A08D5004DD1A8 /* UserService.swift */; };
		670A2ED82C1A0AD7004DD1A8 /* UserListViewModelTests.swift in Sources */ = {isa = PBXBuildFile; fileRef = 670A2ED72C1A0AD7004DD1A8 /* UserListViewModelTests.swift */; };
		670A2EDB2C1A1903004DD1A8 /* Alerts.swift in Sources */ = {isa = PBXBuildFile; fileRef = 670A2EDA2C1A18FF004DD1A8 /* Alerts.swift */; };
		670A2EDD2C1A196D004DD1A8 /* View+Extension.swift in Sources */ = {isa = PBXBuildFile; fileRef = 670A2EDC2C1A1968004DD1A8 /* View+Extension.swift */; };
		670A2EE02C1A1ABB004DD1A8 /* UserFixture.swift in Sources */ = {isa = PBXBuildFile; fileRef = 670A2EDF2C1A1AB4004DD1A8 /* UserFixture.swift */; };
		670A2EE32C1A1BCA004DD1A8 /* UserServiceSpy.swift in Sources */ = {isa = PBXBuildFile; fileRef = 670A2EE22C1A1BC6004DD1A8 /* UserServiceSpy.swift */; };
		670A2EE52C1A39B8004DD1A8 /* PreviewTrait+Extension.swift in Sources */ = {isa = PBXBuildFile; fileRef = 670A2EE42C1A39A6004DD1A8 /* PreviewTrait+Extension.swift */; };
		670A2EE72C1A39E0004DD1A8 /* UserListPreview.swift in Sources */ = {isa = PBXBuildFile; fileRef = 670A2EE62C1A39D7004DD1A8 /* UserListPreview.swift */; };
		671286112C20691A0065ADE5 /* String+Extension.swift in Sources */ = {isa = PBXBuildFile; fileRef = 671286102C2069160065ADE5 /* String+Extension.swift */; };
		67FE243A2C1B88B700571053 /* Tag+Extension.swift in Sources */ = {isa = PBXBuildFile; fileRef = 67FE24392C1B88B300571053 /* Tag+Extension.swift */; };
		67FE243C2C1B8A5300571053 /* Localizable.xcstrings in Resources */ = {isa = PBXBuildFile; fileRef = 67FE243B2C1B8A5300571053 /* Localizable.xcstrings */; };
/* End PBXBuildFile section */

/* Begin PBXContainerItemProxy section */
		670A2EA82C19F1A4004DD1A8 /* PBXContainerItemProxy */ = {
			isa = PBXContainerItemProxy;
			containerPortal = 670A2E8F2C19F1A3004DD1A8 /* Project object */;
			proxyType = 1;
			remoteGlobalIDString = 670A2E962C19F1A3004DD1A8;
			remoteInfo = WWDC24;
		};
/* End PBXContainerItemProxy section */

/* Begin PBXFileReference section */
		670A2E972C19F1A3004DD1A8 /* WWDC24.app */ = {isa = PBXFileReference; explicitFileType = wrapper.application; includeInIndex = 0; path = WWDC24.app; sourceTree = BUILT_PRODUCTS_DIR; };
		670A2E9A2C19F1A3004DD1A8 /* WWDC24App.swift */ = {isa = PBXFileReference; lastKnownFileType = sourcecode.swift; path = WWDC24App.swift; sourceTree = "<group>"; };
		670A2E9C2C19F1A3004DD1A8 /* UserListView.swift */ = {isa = PBXFileReference; lastKnownFileType = sourcecode.swift; path = UserListView.swift; sourceTree = "<group>"; };
		670A2E9E2C19F1A3004DD1A8 /* Assets.xcassets */ = {isa = PBXFileReference; lastKnownFileType = folder.assetcatalog; path = Assets.xcassets; sourceTree = "<group>"; };
		670A2EA12C19F1A3004DD1A8 /* Preview Assets.xcassets */ = {isa = PBXFileReference; lastKnownFileType = folder.assetcatalog; path = "Preview Assets.xcassets"; sourceTree = "<group>"; };
		670A2EA72C19F1A4004DD1A8 /* WWDC24Tests.xctest */ = {isa = PBXFileReference; explicitFileType = wrapper.cfbundle; includeInIndex = 0; path = WWDC24Tests.xctest; sourceTree = BUILT_PRODUCTS_DIR; };
		670A2EAB2C19F1A4004DD1A8 /* WWDC24Tests.swift */ = {isa = PBXFileReference; lastKnownFileType = sourcecode.swift; path = WWDC24Tests.swift; sourceTree = "<group>"; };
		670A2EC42C19F1DD004DD1A8 /* APIClient.swift */ = {isa = PBXFileReference; lastKnownFileType = sourcecode.swift; path = APIClient.swift; sourceTree = "<group>"; };
		670A2EC62C19F1F2004DD1A8 /* User.swift */ = {isa = PBXFileReference; lastKnownFileType = sourcecode.swift; path = User.swift; sourceTree = "<group>"; };
		670A2EC82C19F222004DD1A8 /* UserListViewModel.swift */ = {isa = PBXFileReference; lastKnownFileType = sourcecode.swift; path = UserListViewModel.swift; sourceTree = "<group>"; };
		670A2ECA2C19F269004DD1A8 /* Info.plist */ = {isa = PBXFileReference; lastKnownFileType = text.plist; path = Info.plist; sourceTree = "<group>"; };
		670A2ECB2C19F2CD004DD1A8 /* Info.plist */ = {isa = PBXFileReference; lastKnownFileType = text.plist; path = Info.plist; sourceTree = "<group>"; };
		670A2ECC2C1A07AB004DD1A8 /* Sequence+Extension.swift */ = {isa = PBXFileReference; lastKnownFileType = sourcecode.swift; path = "Sequence+Extension.swift"; sourceTree = "<group>"; };
		670A2ECE2C1A08D5004DD1A8 /* UserService.swift */ = {isa = PBXFileReference; lastKnownFileType = sourcecode.swift; path = UserService.swift; sourceTree = "<group>"; };
		670A2ED72C1A0AD7004DD1A8 /* UserListViewModelTests.swift */ = {isa = PBXFileReference; lastKnownFileType = sourcecode.swift; path = UserListViewModelTests.swift; sourceTree = "<group>"; };
		670A2EDA2C1A18FF004DD1A8 /* Alerts.swift */ = {isa = PBXFileReference; lastKnownFileType = sourcecode.swift; path = Alerts.swift; sourceTree = "<group>"; };
		670A2EDC2C1A1968004DD1A8 /* View+Extension.swift */ = {isa = PBXFileReference; lastKnownFileType = sourcecode.swift; path = "View+Extension.swift"; sourceTree = "<group>"; };
		670A2EDF2C1A1AB4004DD1A8 /* UserFixture.swift */ = {isa = PBXFileReference; lastKnownFileType = sourcecode.swift; path = UserFixture.swift; sourceTree = "<group>"; };
		670A2EE22C1A1BC6004DD1A8 /* UserServiceSpy.swift */ = {isa = PBXFileReference; lastKnownFileType = sourcecode.swift; path = UserServiceSpy.swift; sourceTree = "<group>"; };
		670A2EE42C1A39A6004DD1A8 /* PreviewTrait+Extension.swift */ = {isa = PBXFileReference; lastKnownFileType = sourcecode.swift; path = "PreviewTrait+Extension.swift"; sourceTree = "<group>"; };
		670A2EE62C1A39D7004DD1A8 /* UserListPreview.swift */ = {isa = PBXFileReference; lastKnownFileType = sourcecode.swift; path = UserListPreview.swift; sourceTree = "<group>"; };
		671286102C2069160065ADE5 /* String+Extension.swift */ = {isa = PBXFileReference; lastKnownFileType = sourcecode.swift; path = "String+Extension.swift"; sourceTree = "<group>"; };
		67FE24392C1B88B300571053 /* Tag+Extension.swift */ = {isa = PBXFileReference; lastKnownFileType = sourcecode.swift; path = "Tag+Extension.swift"; sourceTree = "<group>"; };
		67FE243B2C1B8A5300571053 /* Localizable.xcstrings */ = {isa = PBXFileReference; lastKnownFileType = text.json.xcstrings; path = Localizable.xcstrings; sourceTree = "<group>"; };
/* End PBXFileReference section */

/* Begin PBXFrameworksBuildPhase section */
		670A2E942C19F1A3004DD1A8 /* Frameworks */ = {
			isa = PBXFrameworksBuildPhase;
			buildActionMask = 2147483647;
			files = (
			);
			runOnlyForDeploymentPostprocessing = 0;
		};
		670A2EA42C19F1A4004DD1A8 /* Frameworks */ = {
			isa = PBXFrameworksBuildPhase;
			buildActionMask = 2147483647;
			files = (
			);
			runOnlyForDeploymentPostprocessing = 0;
		};
/* End PBXFrameworksBuildPhase section */

/* Begin PBXGroup section */
		670A2E8E2C19F1A3004DD1A8 = {
			isa = PBXGroup;
			children = (
				670A2E992C19F1A3004DD1A8 /* WWDC24 */,
				670A2EAA2C19F1A4004DD1A8 /* WWDC24Tests */,
				670A2E982C19F1A3004DD1A8 /* Products */,
			);
			sourceTree = "<group>";
		};
		670A2E982C19F1A3004DD1A8 /* Products */ = {
			isa = PBXGroup;
			children = (
				670A2E972C19F1A3004DD1A8 /* WWDC24.app */,
				670A2EA72C19F1A4004DD1A8 /* WWDC24Tests.xctest */,
			);
			name = Products;
			sourceTree = "<group>";
		};
		670A2E992C19F1A3004DD1A8 /* WWDC24 */ = {
			isa = PBXGroup;
			children = (
				670A2ECB2C19F2CD004DD1A8 /* Info.plist */,
				670A2E9A2C19F1A3004DD1A8 /* WWDC24App.swift */,
				67FE243B2C1B8A5300571053 /* Localizable.xcstrings */,
				670A2ED02C1A0952004DD1A8 /* Extensions */,
				670A2ED12C1A095C004DD1A8 /* Services */,
				670A2ED22C1A0976004DD1A8 /* Models */,
				670A2ED32C1A0A8C004DD1A8 /* Modules */,
				670A2ED92C1A18EC004DD1A8 /* Shared */,
				670A2E9E2C19F1A3004DD1A8 /* Assets.xcassets */,
				670A2EA02C19F1A3004DD1A8 /* Preview Content */,
			);
			path = WWDC24;
			sourceTree = "<group>";
		};
		670A2EA02C19F1A3004DD1A8 /* Preview Content */ = {
			isa = PBXGroup;
			children = (
				670A2EA12C19F1A3004DD1A8 /* Preview Assets.xcassets */,
			);
			path = "Preview Content";
			sourceTree = "<group>";
		};
		670A2EAA2C19F1A4004DD1A8 /* WWDC24Tests */ = {
			isa = PBXGroup;
			children = (
				670A2ECA2C19F269004DD1A8 /* Info.plist */,
				670A2EAB2C19F1A4004DD1A8 /* WWDC24Tests.swift */,
				67FE24382C1B88AC00571053 /* Extension */,
				670A2ED52C1A0AAF004DD1A8 /* Modules */,
			);
			path = WWDC24Tests;
			sourceTree = "<group>";
		};
		670A2ED02C1A0952004DD1A8 /* Extensions */ = {
			isa = PBXGroup;
			children = (
				670A2ECC2C1A07AB004DD1A8 /* Sequence+Extension.swift */,
				670A2EDC2C1A1968004DD1A8 /* View+Extension.swift */,
				670A2EE42C1A39A6004DD1A8 /* PreviewTrait+Extension.swift */,
				671286102C2069160065ADE5 /* String+Extension.swift */,
			);
			path = Extensions;
			sourceTree = "<group>";
		};
		670A2ED12C1A095C004DD1A8 /* Services */ = {
			isa = PBXGroup;
			children = (
				670A2EC42C19F1DD004DD1A8 /* APIClient.swift */,
				670A2ECE2C1A08D5004DD1A8 /* UserService.swift */,
			);
			path = Services;
			sourceTree = "<group>";
		};
		670A2ED22C1A0976004DD1A8 /* Models */ = {
			isa = PBXGroup;
			children = (
				670A2EC62C19F1F2004DD1A8 /* User.swift */,
			);
			path = Models;
			sourceTree = "<group>";
		};
		670A2ED32C1A0A8C004DD1A8 /* Modules */ = {
			isa = PBXGroup;
			children = (
				670A2ED42C1A0A94004DD1A8 /* UserList */,
			);
			path = Modules;
			sourceTree = "<group>";
		};
		670A2ED42C1A0A94004DD1A8 /* UserList */ = {
			isa = PBXGroup;
			children = (
				670A2E9C2C19F1A3004DD1A8 /* UserListView.swift */,
				670A2EC82C19F222004DD1A8 /* UserListViewModel.swift */,
			);
			path = UserList;
			sourceTree = "<group>";
		};
		670A2ED52C1A0AAF004DD1A8 /* Modules */ = {
			isa = PBXGroup;
			children = (
				670A2ED62C1A0AB6004DD1A8 /* UserList */,
			);
			path = Modules;
			sourceTree = "<group>";
		};
		670A2ED62C1A0AB6004DD1A8 /* UserList */ = {
			isa = PBXGroup;
			children = (
				670A2EE12C1A1BC0004DD1A8 /* Doubles */,
				670A2EDE2C1A1AA3004DD1A8 /* Fixture */,
				670A2ED72C1A0AD7004DD1A8 /* UserListViewModelTests.swift */,
			);
			path = UserList;
			sourceTree = "<group>";
		};
		670A2ED92C1A18EC004DD1A8 /* Shared */ = {
			isa = PBXGroup;
			children = (
				670A2EDA2C1A18FF004DD1A8 /* Alerts.swift */,
				670A2EE62C1A39D7004DD1A8 /* UserListPreview.swift */,
			);
			path = Shared;
			sourceTree = "<group>";
		};
		670A2EDE2C1A1AA3004DD1A8 /* Fixture */ = {
			isa = PBXGroup;
			children = (
				670A2EDF2C1A1AB4004DD1A8 /* UserFixture.swift */,
			);
			path = Fixture;
			sourceTree = "<group>";
		};
		670A2EE12C1A1BC0004DD1A8 /* Doubles */ = {
			isa = PBXGroup;
			children = (
				670A2EE22C1A1BC6004DD1A8 /* UserServiceSpy.swift */,
			);
			path = Doubles;
			sourceTree = "<group>";
		};
		67FE24382C1B88AC00571053 /* Extension */ = {
			isa = PBXGroup;
			children = (
				67FE24392C1B88B300571053 /* Tag+Extension.swift */,
			);
			path = Extension;
			sourceTree = "<group>";
		};
/* End PBXGroup section */

/* Begin PBXNativeTarget section */
		670A2E962C19F1A3004DD1A8 /* WWDC24 */ = {
			isa = PBXNativeTarget;
			buildConfigurationList = 670A2EBB2C19F1A4004DD1A8 /* Build configuration list for PBXNativeTarget "WWDC24" */;
			buildPhases = (
				670A2E932C19F1A3004DD1A8 /* Sources */,
				670A2E942C19F1A3004DD1A8 /* Frameworks */,
				670A2E952C19F1A3004DD1A8 /* Resources */,
			);
			buildRules = (
			);
			dependencies = (
			);
			name = WWDC24;
			productName = WWDC24;
			productReference = 670A2E972C19F1A3004DD1A8 /* WWDC24.app */;
			productType = "com.apple.product-type.application";
		};
		670A2EA62C19F1A4004DD1A8 /* WWDC24Tests */ = {
			isa = PBXNativeTarget;
			buildConfigurationList = 670A2EBE2C19F1A4004DD1A8 /* Build configuration list for PBXNativeTarget "WWDC24Tests" */;
			buildPhases = (
				670A2EA32C19F1A4004DD1A8 /* Sources */,
				670A2EA42C19F1A4004DD1A8 /* Frameworks */,
				670A2EA52C19F1A4004DD1A8 /* Resources */,
			);
			buildRules = (
			);
			dependencies = (
				670A2EA92C19F1A4004DD1A8 /* PBXTargetDependency */,
			);
			name = WWDC24Tests;
			productName = WWDC24Tests;
			productReference = 670A2EA72C19F1A4004DD1A8 /* WWDC24Tests.xctest */;
			productType = "com.apple.product-type.bundle.unit-test";
		};
/* End PBXNativeTarget section */

/* Begin PBXProject section */
		670A2E8F2C19F1A3004DD1A8 /* Project object */ = {
			isa = PBXProject;
			attributes = {
				BuildIndependentTargetsInParallel = 1;
				LastSwiftUpdateCheck = 1600;
				LastUpgradeCheck = 2600;
				TargetAttributes = {
					670A2E962C19F1A3004DD1A8 = {
						CreatedOnToolsVersion = 16.0;
					};
					670A2EA62C19F1A4004DD1A8 = {
						CreatedOnToolsVersion = 16.0;
						TestTargetID = 670A2E962C19F1A3004DD1A8;
					};
				};
			};
			buildConfigurationList = 670A2E922C19F1A3004DD1A8 /* Build configuration list for PBXProject "WWDC24" */;
			compatibilityVersion = "Xcode 15.0";
			developmentRegion = en;
			hasScannedForEncodings = 0;
			knownRegions = (
				en,
				Base,
				"pt-BR",
			);
			mainGroup = 670A2E8E2C19F1A3004DD1A8;
			productRefGroup = 670A2E982C19F1A3004DD1A8 /* Products */;
			projectDirPath = "";
			projectRoot = "";
			targets = (
				670A2E962C19F1A3004DD1A8 /* WWDC24 */,
				670A2EA62C19F1A4004DD1A8 /* WWDC24Tests */,
			);
		};
/* End PBXProject section */

/* Begin PBXResourcesBuildPhase section */
		670A2E952C19F1A3004DD1A8 /* Resources */ = {
			isa = PBXResourcesBuildPhase;
			buildActionMask = 2147483647;
			files = (
				670A2EA22C19F1A3004DD1A8 /* Preview Assets.xcassets in Resources */,
				670A2E9F2C19F1A3004DD1A8 /* Assets.xcassets in Resources */,
				67FE243C2C1B8A5300571053 /* Localizable.xcstrings in Resources */,
			);
			runOnlyForDeploymentPostprocessing = 0;
		};
		670A2EA52C19F1A4004DD1A8 /* Resources */ = {
			isa = PBXResourcesBuildPhase;
			buildActionMask = 2147483647;
			files = (
			);
			runOnlyForDeploymentPostprocessing = 0;
		};
/* End PBXResourcesBuildPhase section */

/* Begin PBXSourcesBuildPhase section */
		670A2E932C19F1A3004DD1A8 /* Sources */ = {
			isa = PBXSourcesBuildPhase;
			buildActionMask = 2147483647;
			files = (
				670A2ECF2C1A08DA004DD1A8 /* UserService.swift in Sources */,
				670A2EC72C19F1F4004DD1A8 /* User.swift in Sources */,
				670A2EDB2C1A1903004DD1A8 /* Alerts.swift in Sources */,
				670A2EE72C1A39E0004DD1A8 /* UserListPreview.swift in Sources */,
				671286112C20691A0065ADE5 /* String+Extension.swift in Sources */,
				670A2E9D2C19F1A3004DD1A8 /* UserListView.swift in Sources */,
				670A2E9B2C19F1A3004DD1A8 /* WWDC24App.swift in Sources */,
				670A2EC52C19F1E1004DD1A8 /* APIClient.swift in Sources */,
				670A2ECD2C1A07B7004DD1A8 /* Sequence+Extension.swift in Sources */,
				670A2EE52C1A39B8004DD1A8 /* PreviewTrait+Extension.swift in Sources */,
				670A2EDD2C1A196D004DD1A8 /* View+Extension.swift in Sources */,
				670A2EC92C19F226004DD1A8 /* UserListViewModel.swift in Sources */,
			);
			runOnlyForDeploymentPostprocessing = 0;
		};
		670A2EA32C19F1A4004DD1A8 /* Sources */ = {
			isa = PBXSourcesBuildPhase;
			buildActionMask = 2147483647;
			files = (
				670A2EAC2C19F1A4004DD1A8 /* WWDC24Tests.swift in Sources */,
				67FE243A2C1B88B700571053 /* Tag+Extension.swift in Sources */,
				670A2ED82C1A0AD7004DD1A8 /* UserListViewModelTests.swift in Sources */,
				670A2EE02C1A1ABB004DD1A8 /* UserFixture.swift in Sources */,
				670A2EE32C1A1BCA004DD1A8 /* UserServiceSpy.swift in Sources */,
			);
			runOnlyForDeploymentPostprocessing = 0;
		};
/* End PBXSourcesBuildPhase section */

/* Begin PBXTargetDependency section */
		670A2EA92C19F1A4004DD1A8 /* PBXTargetDependency */ = {
			isa = PBXTargetDependency;
			target = 670A2E962C19F1A3004DD1A8 /* WWDC24 */;
			targetProxy = 670A2EA82C19F1A4004DD1A8 /* PBXContainerItemProxy */;
		};
/* End PBXTargetDependency section */

/* Begin XCBuildConfiguration section */
		670A2EB92C19F1A4004DD1A8 /* Debug */ = {
			isa = XCBuildConfiguration;
			buildSettings = {
				ALWAYS_SEARCH_USER_PATHS = NO;
				ASSETCATALOG_COMPILER_GENERATE_SWIFT_ASSET_SYMBOL_EXTENSIONS = YES;
				CLANG_ANALYZER_LOCALIZABILITY_NONLOCALIZED = YES;
				CLANG_ANALYZER_NONNULL = YES;
				CLANG_ANALYZER_NUMBER_OBJECT_CONVERSION = YES_AGGRESSIVE;
				CLANG_CXX_LANGUAGE_STANDARD = "gnu++20";
				CLANG_ENABLE_MODULES = YES;
				CLANG_ENABLE_OBJC_ARC = YES;
				CLANG_ENABLE_OBJC_WEAK = YES;
				CLANG_WARN_BLOCK_CAPTURE_AUTORELEASING = YES;
				CLANG_WARN_BOOL_CONVERSION = YES;
				CLANG_WARN_COMMA = YES;
				CLANG_WARN_CONSTANT_CONVERSION = YES;
				CLANG_WARN_DEPRECATED_OBJC_IMPLEMENTATIONS = YES;
				CLANG_WARN_DIRECT_OBJC_ISA_USAGE = YES_ERROR;
				CLANG_WARN_DOCUMENTATION_COMMENTS = YES;
				CLANG_WARN_EMPTY_BODY = YES;
				CLANG_WARN_ENUM_CONVERSION = YES;
				CLANG_WARN_INFINITE_RECURSION = YES;
				CLANG_WARN_INT_CONVERSION = YES;
				CLANG_WARN_NON_LITERAL_NULL_CONVERSION = YES;
				CLANG_WARN_OBJC_IMPLICIT_RETAIN_SELF = YES;
				CLANG_WARN_OBJC_LITERAL_CONVERSION = YES;
				CLANG_WARN_OBJC_ROOT_CLASS = YES_ERROR;
				CLANG_WARN_QUOTED_INCLUDE_IN_FRAMEWORK_HEADER = YES;
				CLANG_WARN_RANGE_LOOP_ANALYSIS = YES;
				CLANG_WARN_STRICT_PROTOTYPES = YES;
				CLANG_WARN_SUSPICIOUS_MOVE = YES;
				CLANG_WARN_UNGUARDED_AVAILABILITY = YES_AGGRESSIVE;
				CLANG_WARN_UNREACHABLE_CODE = YES;
				CLANG_WARN__DUPLICATE_METHOD_MATCH = YES;
				COPY_PHASE_STRIP = NO;
				DEBUG_INFORMATION_FORMAT = dwarf;
				DEVELOPMENT_TEAM = TV797S35W5;
				ENABLE_STRICT_OBJC_MSGSEND = YES;
				ENABLE_TESTABILITY = YES;
				ENABLE_USER_SCRIPT_SANDBOXING = YES;
				GCC_C_LANGUAGE_STANDARD = gnu17;
				GCC_DYNAMIC_NO_PIC = NO;
				GCC_NO_COMMON_BLOCKS = YES;
				GCC_OPTIMIZATION_LEVEL = 0;
				GCC_PREPROCESSOR_DEFINITIONS = (
					"DEBUG=1",
					"$(inherited)",
				);
				GCC_WARN_64_TO_32_BIT_CONVERSION = YES;
				GCC_WARN_ABOUT_RETURN_TYPE = YES_ERROR;
				GCC_WARN_UNDECLARED_SELECTOR = YES;
				GCC_WARN_UNINITIALIZED_AUTOS = YES_AGGRESSIVE;
				GCC_WARN_UNUSED_FUNCTION = YES;
				GCC_WARN_UNUSED_VARIABLE = YES;
				IPHONEOS_DEPLOYMENT_TARGET = 18.0;
				LOCALIZATION_PREFERS_STRING_CATALOGS = YES;
				MTL_ENABLE_DEBUG_INFO = INCLUDE_SOURCE;
				MTL_FAST_MATH = YES;
				ONLY_ACTIVE_ARCH = YES;
				SDKROOT = iphoneos;
				STRING_CATALOG_GENERATE_SYMBOLS = YES;
				SWIFT_ACTIVE_COMPILATION_CONDITIONS = "DEBUG $(inherited)";
				SWIFT_DEFAULT_ACTOR_ISOLATION = MainActor;
				SWIFT_EMIT_LOC_STRINGS = YES;
				SWIFT_OPTIMIZATION_LEVEL = "-Onone";
			};
			name = Debug;
		};
		670A2EBA2C19F1A4004DD1A8 /* Release */ = {
			isa = XCBuildConfiguration;
			buildSettings = {
				ALWAYS_SEARCH_USER_PATHS = NO;
				ASSETCATALOG_COMPILER_GENERATE_SWIFT_ASSET_SYMBOL_EXTENSIONS = YES;
				CLANG_ANALYZER_LOCALIZABILITY_NONLOCALIZED = YES;
				CLANG_ANALYZER_NONNULL = YES;
				CLANG_ANALYZER_NUMBER_OBJECT_CONVERSION = YES_AGGRESSIVE;
				CLANG_CXX_LANGUAGE_STANDARD = "gnu++20";
				CLANG_ENABLE_MODULES = YES;
				CLANG_ENABLE_OBJC_ARC = YES;
				CLANG_ENABLE_OBJC_WEAK = YES;
				CLANG_WARN_BLOCK_CAPTURE_AUTORELEASING = YES;
				CLANG_WARN_BOOL_CONVERSION = YES;
				CLANG_WARN_COMMA = YES;
				CLANG_WARN_CONSTANT_CONVERSION = YES;
				CLANG_WARN_DEPRECATED_OBJC_IMPLEMENTATIONS = YES;
				CLANG_WARN_DIRECT_OBJC_ISA_USAGE = YES_ERROR;
				CLANG_WARN_DOCUMENTATION_COMMENTS = YES;
				CLANG_WARN_EMPTY_BODY = YES;
				CLANG_WARN_ENUM_CONVERSION = YES;
				CLANG_WARN_INFINITE_RECURSION = YES;
				CLANG_WARN_INT_CONVERSION = YES;
				CLANG_WARN_NON_LITERAL_NULL_CONVERSION = YES;
				CLANG_WARN_OBJC_IMPLICIT_RETAIN_SELF = YES;
				CLANG_WARN_OBJC_LITERAL_CONVERSION = YES;
				CLANG_WARN_OBJC_ROOT_CLASS = YES_ERROR;
				CLANG_WARN_QUOTED_INCLUDE_IN_FRAMEWORK_HEADER = YES;
				CLANG_WARN_RANGE_LOOP_ANALYSIS = YES;
				CLANG_WARN_STRICT_PROTOTYPES = YES;
				CLANG_WARN_SUSPICIOUS_MOVE = YES;
				CLANG_WARN_UNGUARDED_AVAILABILITY = YES_AGGRESSIVE;
				CLANG_WARN_UNREACHABLE_CODE = YES;
				CLANG_WARN__DUPLICATE_METHOD_MATCH = YES;
				COPY_PHASE_STRIP = NO;
				DEBUG_INFORMATION_FORMAT = "dwarf-with-dsym";
				DEVELOPMENT_TEAM = TV797S35W5;
				ENABLE_NS_ASSERTIONS = NO;
				ENABLE_STRICT_OBJC_MSGSEND = YES;
				ENABLE_USER_SCRIPT_SANDBOXING = YES;
				GCC_C_LANGUAGE_STANDARD = gnu17;
				GCC_NO_COMMON_BLOCKS = YES;
				GCC_WARN_64_TO_32_BIT_CONVERSION = YES;
				GCC_WARN_ABOUT_RETURN_TYPE = YES_ERROR;
				GCC_WARN_UNDECLARED_SELECTOR = YES;
				GCC_WARN_UNINITIALIZED_AUTOS = YES_AGGRESSIVE;
				GCC_WARN_UNUSED_FUNCTION = YES;
				GCC_WARN_UNUSED_VARIABLE = YES;
				IPHONEOS_DEPLOYMENT_TARGET = 18.0;
				LOCALIZATION_PREFERS_STRING_CATALOGS = YES;
				MTL_ENABLE_DEBUG_INFO = NO;
				MTL_FAST_MATH = YES;
				SDKROOT = iphoneos;
				STRING_CATALOG_GENERATE_SYMBOLS = YES;
				SWIFT_COMPILATION_MODE = wholemodule;
				SWIFT_DEFAULT_ACTOR_ISOLATION = MainActor;
				SWIFT_EMIT_LOC_STRINGS = YES;
				VALIDATE_PRODUCT = YES;
			};
			name = Release;
		};
		670A2EBC2C19F1A4004DD1A8 /* Debug */ = {
			isa = XCBuildConfiguration;
			buildSettings = {
				ASSETCATALOG_COMPILER_APPICON_NAME = AppIcon;
				ASSETCATALOG_COMPILER_GLOBAL_ACCENT_COLOR_NAME = AccentColor;
				CODE_SIGN_STYLE = Automatic;
				CURRENT_PROJECT_VERSION = 1;
				DEVELOPMENT_ASSET_PATHS = "\"WWDC24/Preview Content\"";
				ENABLE_PREVIEWS = YES;
				GENERATE_INFOPLIST_FILE = YES;
				INFOPLIST_FILE = WWDC24/Info.plist;
				INFOPLIST_KEY_UIApplicationSceneManifest_Generation = YES;
				INFOPLIST_KEY_UIApplicationSupportsIndirectInputEvents = YES;
				INFOPLIST_KEY_UILaunchScreen_Generation = YES;
				INFOPLIST_KEY_UISupportedInterfaceOrientations_iPad = "UIInterfaceOrientationPortrait UIInterfaceOrientationPortraitUpsideDown UIInterfaceOrientationLandscapeLeft UIInterfaceOrientationLandscapeRight";
				INFOPLIST_KEY_UISupportedInterfaceOrientations_iPhone = "UIInterfaceOrientationPortrait UIInterfaceOrientationLandscapeLeft UIInterfaceOrientationLandscapeRight";
				LD_RUNPATH_SEARCH_PATHS = (
					"$(inherited)",
					"@executable_path/Frameworks",
				);
				MARKETING_VERSION = 1.0;
				PRODUCT_BUNDLE_IDENTIFIER = com.leomodro.WWDC24;
				PRODUCT_NAME = "$(TARGET_NAME)";
				SWIFT_DEFAULT_ACTOR_ISOLATION = MainActor;
				SWIFT_EMIT_LOC_STRINGS = YES;
				SWIFT_VERSION = 5.0;
				TARGETED_DEVICE_FAMILY = "1,2";
			};
			name = Debug;
		};
		670A2EBD2C19F1A4004DD1A8 /* Release */ = {
			isa = XCBuildConfiguration;
			buildSettings = {
				ASSETCATALOG_COMPILER_APPICON_NAME = AppIcon;
				ASSETCATALOG_COMPILER_GLOBAL_ACCENT_COLOR_NAME = AccentColor;
				CODE_SIGN_STYLE = Automatic;
				CURRENT_PROJECT_VERSION = 1;
				DEVELOPMENT_ASSET_PATHS = "\"WWDC24/Preview Content\"";
				ENABLE_PREVIEWS = YES;
				GENERATE_INFOPLIST_FILE = YES;
				INFOPLIST_FILE = WWDC24/Info.plist;
				INFOPLIST_KEY_UIApplicationSceneManifest_Generation = YES;
				INFOPLIST_KEY_UIApplicationSupportsIndirectInputEvents = YES;
				INFOPLIST_KEY_UILaunchScreen_Generation = YES;
				INFOPLIST_KEY_UISupportedInterfaceOrientations_iPad = "UIInterfaceOrientationPortrait UIInterfaceOrientationPortraitUpsideDown UIInterfaceOrientationLandscapeLeft UIInterfaceOrientationLandscapeRight";
				INFOPLIST_KEY_UISupportedInterfaceOrientations_iPhone = "UIInterfaceOrientationPortrait UIInterfaceOrientationLandscapeLeft UIInterfaceOrientationLandscapeRight";
				LD_RUNPATH_SEARCH_PATHS = (
					"$(inherited)",
					"@executable_path/Frameworks",
				);
				MARKETING_VERSION = 1.0;
				PRODUCT_BUNDLE_IDENTIFIER = com.leomodro.WWDC24;
				PRODUCT_NAME = "$(TARGET_NAME)";
				SWIFT_DEFAULT_ACTOR_ISOLATION = MainActor;
				SWIFT_EMIT_LOC_STRINGS = YES;
				SWIFT_VERSION = 5.0;
				TARGETED_DEVICE_FAMILY = "1,2";
			};
			name = Release;
		};
		670A2EBF2C19F1A4004DD1A8 /* Debug */ = {
			isa = XCBuildConfiguration;
			buildSettings = {
				BUNDLE_LOADER = "$(TEST_HOST)";
				CODE_SIGN_STYLE = Automatic;
				CURRENT_PROJECT_VERSION = 1;
				GENERATE_INFOPLIST_FILE = YES;
				INFOPLIST_FILE = WWDC24Tests/Info.plist;
				IPHONEOS_DEPLOYMENT_TARGET = 18.0;
				MARKETING_VERSION = 1.0;
				PRODUCT_BUNDLE_IDENTIFIER = com.leomodro.WWDC24Tests;
				PRODUCT_NAME = "$(TARGET_NAME)";
				SWIFT_EMIT_LOC_STRINGS = NO;
				SWIFT_VERSION = 5.0;
				TARGETED_DEVICE_FAMILY = "1,2";
				TEST_HOST = "$(BUILT_PRODUCTS_DIR)/WWDC24.app/$(BUNDLE_EXECUTABLE_FOLDER_PATH)/WWDC24";
			};
			name = Debug;
		};
		670A2EC02C19F1A4004DD1A8 /* Release */ = {
			isa = XCBuildConfiguration;
			buildSettings = {
				BUNDLE_LOADER = "$(TEST_HOST)";
				CODE_SIGN_STYLE = Automatic;
				CURRENT_PROJECT_VERSION = 1;
				GENERATE_INFOPLIST_FILE = YES;
				INFOPLIST_FILE = WWDC24Tests/Info.plist;
				IPHONEOS_DEPLOYMENT_TARGET = 18.0;
				MARKETING_VERSION = 1.0;
				PRODUCT_BUNDLE_IDENTIFIER = com.leomodro.WWDC24Tests;
				PRODUCT_NAME = "$(TARGET_NAME)";
				SWIFT_EMIT_LOC_STRINGS = NO;
				SWIFT_VERSION = 5.0;
				TARGETED_DEVICE_FAMILY = "1,2";
				TEST_HOST = "$(BUILT_PRODUCTS_DIR)/WWDC24.app/$(BUNDLE_EXECUTABLE_FOLDER_PATH)/WWDC24";
			};
			name = Release;
		};
/* End XCBuildConfiguration section */

/* Begin XCConfigurationList section */
		670A2E922C19F1A3004DD1A8 /* Build configuration list for PBXProject "WWDC24" */ = {
			isa = XCConfigurationList;
			buildConfigurations = (
				670A2EB92C19F1A4004DD1A8 /* Debug */,
				670A2EBA2C19F1A4004DD1A8 /* Release */,
			);
			defaultConfigurationIsVisible = 0;
			defaultConfigurationName = Release;
		};
		670A2EBB2C19F1A4004DD1A8 /* Build configuration list for PBXNativeTarget "WWDC24" */ = {
			isa = XCConfigurationList;
			buildConfigurations = (
				670A2EBC2C19F1A4004DD1A8 /* Debug */,
				670A2EBD2C19F1A4004DD1A8 /* Release */,
			);
			defaultConfigurationIsVisible = 0;
			defaultConfigurationName = Release;
		};
		670A2EBE2C19F1A4004DD1A8 /* Build configuration list for PBXNativeTarget "WWDC24Tests" */ = {
			isa = XCConfigurationList;
			buildConfigurations = (
				670A2EBF2C19F1A4004DD1A8 /* Debug */,
				670A2EC02C19F1A4004DD1A8 /* Release */,
			);
			defaultConfigurationIsVisible = 0;
			defaultConfigurationName = Release;
		};
/* End XCConfigurationList section */
	};
	rootObject = 670A2E8F2C19F1A3004DD1A8 /* Project object */;
}
